// !$*UTF8*$!
{
	archiveVersion = 1;
	classes = {
	};
	objectVersion = 50;
	objects = {

/* Begin PBXBuildFile section */
		92BD5D84217A0118006947CF /* AppDelegate.swift in Sources */ = {isa = PBXBuildFile; fileRef = 92BD5D83217A0118006947CF /* AppDelegate.swift */; };
		92BD5D86217A0118006947CF /* ViewController.swift in Sources */ = {isa = PBXBuildFile; fileRef = 92BD5D85217A0118006947CF /* ViewController.swift */; };
		92BD5D89217A0118006947CF /* Main.storyboard in Resources */ = {isa = PBXBuildFile; fileRef = 92BD5D87217A0118006947CF /* Main.storyboard */; };
		92BD5D8B217A0119006947CF /* Assets.xcassets in Resources */ = {isa = PBXBuildFile; fileRef = 92BD5D8A217A0119006947CF /* Assets.xcassets */; };
		92BD5D8E217A0119006947CF /* LaunchScreen.storyboard in Resources */ = {isa = PBXBuildFile; fileRef = 92BD5D8C217A0119006947CF /* LaunchScreen.storyboard */; };
		92BD5D99217A0119006947CF /* work1019Tests.swift in Sources */ = {isa = PBXBuildFile; fileRef = 92BD5D98217A0119006947CF /* work1019Tests.swift */; };
		92BD5DA4217A0119006947CF /* work1019UITests.swift in Sources */ = {isa = PBXBuildFile; fileRef = 92BD5DA3217A0119006947CF /* work1019UITests.swift */; };
/* End PBXBuildFile section */

/* Begin PBXContainerItemProxy section */
		92BD5D95217A0119006947CF /* PBXContainerItemProxy */ = {
			isa = PBXContainerItemProxy;
			containerPortal = 92BD5D78217A0118006947CF /* Project object */;
			proxyType = 1;
			remoteGlobalIDString = 92BD5D7F217A0118006947CF;
			remoteInfo = work1019;
		};
		92BD5DA0217A0119006947CF /* PBXContainerItemProxy */ = {
			isa = PBXContainerItemProxy;
			containerPortal = 92BD5D78217A0118006947CF /* Project object */;
			proxyType = 1;
			remoteGlobalIDString = 92BD5D7F217A0118006947CF;
			remoteInfo = work1019;
		};
/* End PBXContainerItemProxy section */

/* Begin PBXFileReference section */
		92BD5D80217A0118006947CF /* work1019.app */ = {isa = PBXFileReference; explicitFileType = wrapper.application; includeInIndex = 0; path = work1019.app; sourceTree = BUILT_PRODUCTS_DIR; };
		92BD5D83217A0118006947CF /* AppDelegate.swift */ = {isa = PBXFileReference; lastKnownFileType = sourcecode.swift; path = AppDelegate.swift; sourceTree = "<group>"; };
		92BD5D85217A0118006947CF /* ViewController.swift */ = {isa = PBXFileReference; lastKnownFileType = sourcecode.swift; path = ViewController.swift; sourceTree = "<group>"; };
		92BD5D88217A0118006947CF /* Base */ = {isa = PBXFileReference; lastKnownFileType = file.storyboard; name = Base; path = Base.lproj/Main.storyboard; sourceTree = "<group>"; };
		92BD5D8A217A0119006947CF /* Assets.xcassets */ = {isa = PBXFileReference; lastKnownFileType = folder.assetcatalog; path = Assets.xcassets; sourceTree = "<group>"; };
		92BD5D8D217A0119006947CF /* Base */ = {isa = PBXFileReference; lastKnownFileType = file.storyboard; name = Base; path = Base.lproj/LaunchScreen.storyboard; sourceTree = "<group>"; };
		92BD5D8F217A0119006947CF /* Info.plist */ = {isa = PBXFileReference; lastKnownFileType = text.plist.xml; path = Info.plist; sourceTree = "<group>"; };
		92BD5D94217A0119006947CF /* work1019Tests.xctest */ = {isa = PBXFileReference; explicitFileType = wrapper.cfbundle; includeInIndex = 0; path = work1019Tests.xctest; sourceTree = BUILT_PRODUCTS_DIR; };
		92BD5D98217A0119006947CF /* work1019Tests.swift */ = {isa = PBXFileReference; lastKnownFileType = sourcecode.swift; path = work1019Tests.swift; sourceTree = "<group>"; };
		92BD5D9A217A0119006947CF /* Info.plist */ = {isa = PBXFileReference; lastKnownFileType = text.plist.xml; path = Info.plist; sourceTree = "<group>"; };
		92BD5D9F217A0119006947CF /* work1019UITests.xctest */ = {isa = PBXFileReference; explicitFileType = wrapper.cfbundle; includeInIndex = 0; path = work1019UITests.xctest; sourceTree = BUILT_PRODUCTS_DIR; };
		92BD5DA3217A0119006947CF /* work1019UITests.swift */ = {isa = PBXFileReference; lastKnownFileType = sourcecode.swift; path = work1019UITests.swift; sourceTree = "<group>"; };
		92BD5DA5217A0119006947CF /* Info.plist */ = {isa = PBXFileReference; lastKnownFileType = text.plist.xml; path = Info.plist; sourceTree = "<group>"; };
/* End PBXFileReference section */

/* Begin PBXFrameworksBuildPhase section */
		92BD5D7D217A0118006947CF /* Frameworks */ = {
			isa = PBXFrameworksBuildPhase;
			buildActionMask = 2147483647;
			files = (
			);
			runOnlyForDeploymentPostprocessing = 0;
		};
		92BD5D91217A0119006947CF /* Frameworks */ = {
			isa = PBXFrameworksBuildPhase;
			buildActionMask = 2147483647;
			files = (
			);
			runOnlyForDeploymentPostprocessing = 0;
		};
		92BD5D9C217A0119006947CF /* Frameworks */ = {
			isa = PBXFrameworksBuildPhase;
			buildActionMask = 2147483647;
			files = (
			);
			runOnlyForDeploymentPostprocessing = 0;
		};
/* End PBXFrameworksBuildPhase section */

/* Begin PBXGroup section */
		92BD5D77217A0118006947CF = {
			isa = PBXGroup;
			children = (
				92BD5D82217A0118006947CF /* work1019 */,
				92BD5D97217A0119006947CF /* work1019Tests */,
				92BD5DA2217A0119006947CF /* work1019UITests */,
				92BD5D81217A0118006947CF /* Products */,
			);
			sourceTree = "<group>";
		};
		92BD5D81217A0118006947CF /* Products */ = {
			isa = PBXGroup;
			children = (
				92BD5D80217A0118006947CF /* work1019.app */,
				92BD5D94217A0119006947CF /* work1019Tests.xctest */,
				92BD5D9F217A0119006947CF /* work1019UITests.xctest */,
			);
			name = Products;
			sourceTree = "<group>";
		};
		92BD5D82217A0118006947CF /* work1019 */ = {
			isa = PBXGroup;
			children = (
				92BD5D83217A0118006947CF /* AppDelegate.swift */,
				92BD5D85217A0118006947CF /* ViewController.swift */,
				92BD5D87217A0118006947CF /* Main.storyboard */,
				92BD5D8A217A0119006947CF /* Assets.xcassets */,
				92BD5D8C217A0119006947CF /* LaunchScreen.storyboard */,
				92BD5D8F217A0119006947CF /* Info.plist */,
			);
			path = work1019;
			sourceTree = "<group>";
		};
		92BD5D97217A0119006947CF /* work1019Tests */ = {
			isa = PBXGroup;
			children = (
				92BD5D98217A0119006947CF /* work1019Tests.swift */,
				92BD5D9A217A0119006947CF /* Info.plist */,
			);
			path = work1019Tests;
			sourceTree = "<group>";
		};
		92BD5DA2217A0119006947CF /* work1019UITests */ = {
			isa = PBXGroup;
			children = (
				92BD5DA3217A0119006947CF /* work1019UITests.swift */,
				92BD5DA5217A0119006947CF /* Info.plist */,
			);
			path = work1019UITests;
			sourceTree = "<group>";
		};
/* End PBXGroup section */

/* Begin PBXNativeTarget section */
		92BD5D7F217A0118006947CF /* work1019 */ = {
			isa = PBXNativeTarget;
			buildConfigurationList = 92BD5DA8217A0119006947CF /* Build configuration list for PBXNativeTarget "work1019" */;
			buildPhases = (
				92BD5D7C217A0118006947CF /* Sources */,
				92BD5D7D217A0118006947CF /* Frameworks */,
				92BD5D7E217A0118006947CF /* Resources */,
			);
			buildRules = (
			);
			dependencies = (
			);
			name = work1019;
			productName = work1019;
			productReference = 92BD5D80217A0118006947CF /* work1019.app */;
			productType = "com.apple.product-type.application";
		};
		92BD5D93217A0119006947CF /* work1019Tests */ = {
			isa = PBXNativeTarget;
			buildConfigurationList = 92BD5DAB217A0119006947CF /* Build configuration list for PBXNativeTarget "work1019Tests" */;
			buildPhases = (
				92BD5D90217A0119006947CF /* Sources */,
				92BD5D91217A0119006947CF /* Frameworks */,
				92BD5D92217A0119006947CF /* Resources */,
			);
			buildRules = (
			);
			dependencies = (
				92BD5D96217A0119006947CF /* PBXTargetDependency */,
			);
			name = work1019Tests;
			productName = work1019Tests;
			productReference = 92BD5D94217A0119006947CF /* work1019Tests.xctest */;
			productType = "com.apple.product-type.bundle.unit-test";
		};
		92BD5D9E217A0119006947CF /* work1019UITests */ = {
			isa = PBXNativeTarget;
			buildConfigurationList = 92BD5DAE217A0119006947CF /* Build configuration list for PBXNativeTarget "work1019UITests" */;
			buildPhases = (
				92BD5D9B217A0119006947CF /* Sources */,
				92BD5D9C217A0119006947CF /* Frameworks */,
				92BD5D9D217A0119006947CF /* Resources */,
			);
			buildRules = (
			);
			dependencies = (
				92BD5DA1217A0119006947CF /* PBXTargetDependency */,
			);
			name = work1019UITests;
			productName = work1019UITests;
			productReference = 92BD5D9F217A0119006947CF /* work1019UITests.xctest */;
			productType = "com.apple.product-type.bundle.ui-testing";
		};
/* End PBXNativeTarget section */

/* Begin PBXProject section */
		92BD5D78217A0118006947CF /* Project object */ = {
			isa = PBXProject;
			attributes = {
				LastSwiftUpdateCheck = 1000;
				LastUpgradeCheck = 1000;
				ORGANIZATIONNAME = s20171103185;
				TargetAttributes = {
					92BD5D7F217A0118006947CF = {
						CreatedOnToolsVersion = 10.0;
					};
					92BD5D93217A0119006947CF = {
						CreatedOnToolsVersion = 10.0;
						TestTargetID = 92BD5D7F217A0118006947CF;
					};
					92BD5D9E217A0119006947CF = {
						CreatedOnToolsVersion = 10.0;
						TestTargetID = 92BD5D7F217A0118006947CF;
					};
				};
			};
			buildConfigurationList = 92BD5D7B217A0118006947CF /* Build configuration list for PBXProject "work1019" */;
			compatibilityVersion = "Xcode 9.3";
			developmentRegion = en;
			hasScannedForEncodings = 0;
			knownRegions = (
				en,
				Base,
			);
			mainGroup = 92BD5D77217A0118006947CF;
			productRefGroup = 92BD5D81217A0118006947CF /* Products */;
			projectDirPath = "";
			projectRoot = "";
			targets = (
				92BD5D7F217A0118006947CF /* work1019 */,
				92BD5D93217A0119006947CF /* work1019Tests */,
				92BD5D9E217A0119006947CF /* work1019UITests */,
			);
		};
/* End PBXProject section */

/* Begin PBXResourcesBuildPhase section */
		92BD5D7E217A0118006947CF /* Resources */ = {
			isa = PBXResourcesBuildPhase;
			buildActionMask = 2147483647;
			files = (
				92BD5D8E217A0119006947CF /* LaunchScreen.storyboard in Resources */,
				92BD5D8B217A0119006947CF /* Assets.xcassets in Resources */,
				92BD5D89217A0118006947CF /* Main.storyboard in Resources */,
			);
			runOnlyForDeploymentPostprocessing = 0;
		};
		92BD5D92217A0119006947CF /* Resources */ = {
			isa = PBXResourcesBuildPhase;
			buildActionMask = 2147483647;
			files = (
			);
			runOnlyForDeploymentPostprocessing = 0;
		};
		92BD5D9D217A0119006947CF /* Resources */ = {
			isa = PBXResourcesBuildPhase;
			buildActionMask = 2147483647;
			files = (
			);
			runOnlyForDeploymentPostprocessing = 0;
		};
/* End PBXResourcesBuildPhase section */

/* Begin PBXSourcesBuildPhase section */
		92BD5D7C217A0118006947CF /* Sources */ = {
			isa = PBXSourcesBuildPhase;
			buildActionMask = 2147483647;
			files = (
				92BD5D86217A0118006947CF /* ViewController.swift in Sources */,
				92BD5D84217A0118006947CF /* AppDelegate.swift in Sources */,
			);
			runOnlyForDeploymentPostprocessing = 0;
		};
		92BD5D90217A0119006947CF /* Sources */ = {
			isa = PBXSourcesBuildPhase;
			buildActionMask = 2147483647;
			files = (
				92BD5D99217A0119006947CF /* work1019Tests.swift in Sources */,
			);
			runOnlyForDeploymentPostprocessing = 0;
		};
		92BD5D9B217A0119006947CF /* Sources */ = {
			isa = PBXSourcesBuildPhase;
			buildActionMask = 2147483647;
			files = (
				92BD5DA4217A0119006947CF /* work1019UITests.swift in Sources */,
			);
			runOnlyForDeploymentPostprocessing = 0;
		};
/* End PBXSourcesBuildPhase section */

/* Begin PBXTargetDependency section */
		92BD5D96217A0119006947CF /* PBXTargetDependency */ = {
			isa = PBXTargetDependency;
			target = 92BD5D7F217A0118006947CF /* work1019 */;
			targetProxy = 92BD5D95217A0119006947CF /* PBXContainerItemProxy */;
		};
		92BD5DA1217A0119006947CF /* PBXTargetDependency */ = {
			isa = PBXTargetDependency;
			target = 92BD5D7F217A0118006947CF /* work1019 */;
			targetProxy = 92BD5DA0217A0119006947CF /* PBXContainerItemProxy */;
		};
/* End PBXTargetDependency section */

/* Begin PBXVariantGroup section */
		92BD5D87217A0118006947CF /* Main.storyboard */ = {
			isa = PBXVariantGroup;
			children = (
				92BD5D88217A0118006947CF /* Base */,
			);
			name = Main.storyboard;
			sourceTree = "<group>";
		};
		92BD5D8C217A0119006947CF /* LaunchScreen.storyboard */ = {
			isa = PBXVariantGroup;
			children = (
				92BD5D8D217A0119006947CF /* Base */,
			);
			name = LaunchScreen.storyboard;
			sourceTree = "<group>";
		};
/* End PBXVariantGroup section */

/* Begin XCBuildConfiguration section */
		92BD5DA6217A0119006947CF /* Debug */ = {
			isa = XCBuildConfiguration;
			buildSettings = {
				ALWAYS_SEARCH_USER_PATHS = NO;
				CLANG_ANALYZER_NONNULL = YES;
				CLANG_ANALYZER_NUMBER_OBJECT_CONVERSION = YES_AGGRESSIVE;
				CLANG_CXX_LANGUAGE_STANDARD = "gnu++14";
				CLANG_CXX_LIBRARY = "libc++";
				CLANG_ENABLE_MODULES = YES;
				CLANG_ENABLE_OBJC_ARC = YES;
				CLANG_ENABLE_OBJC_WEAK = YES;
				CLANG_WARN_BLOCK_CAPTURE_AUTORELEASING = YES;
				CLANG_WARN_BOOL_CONVERSION = YES;
				CLANG_WARN_COMMA = YES;
				CLANG_WARN_CONSTANT_CONVERSION = YES;
				CLANG_WARN_DEPRECATED_OBJC_IMPLEMENTATIONS = YES;
				CLANG_WARN_DIRECT_OBJC_ISA_USAGE = YES_ERROR;
				CLANG_WARN_DOCUMENTATION_COMMENTS = YES;
				CLANG_WARN_EMPTY_BODY = YES;
				CLANG_WARN_ENUM_CONVERSION = YES;
				CLANG_WARN_INFINITE_RECURSION = YES;
				CLANG_WARN_INT_CONVERSION = YES;
				CLANG_WARN_NON_LITERAL_NULL_CONVERSION = YES;
				CLANG_WARN_OBJC_IMPLICIT_RETAIN_SELF = YES;
				CLANG_WARN_OBJC_LITERAL_CONVERSION = YES;
				CLANG_WARN_OBJC_ROOT_CLASS = YES_ERROR;
				CLANG_WARN_RANGE_LOOP_ANALYSIS = YES;
				CLANG_WARN_STRICT_PROTOTYPES = YES;
				CLANG_WARN_SUSPICIOUS_MOVE = YES;
				CLANG_WARN_UNGUARDED_AVAILABILITY = YES_AGGRESSIVE;
				CLANG_WARN_UNREACHABLE_CODE = YES;
				CLANG_WARN__DUPLICATE_METHOD_MATCH = YES;
				CODE_SIGN_IDENTITY = "iPhone Developer";
				COPY_PHASE_STRIP = NO;
				DEBUG_INFORMATION_FORMAT = dwarf;
				ENABLE_STRICT_OBJC_MSGSEND = YES;
				ENABLE_TESTABILITY = YES;
				GCC_C_LANGUAGE_STANDARD = gnu11;
				GCC_DYNAMIC_NO_PIC = NO;
				GCC_NO_COMMON_BLOCKS = YES;
				GCC_OPTIMIZATION_LEVEL = 0;
				GCC_PREPROCESSOR_DEFINITIONS = (
					"DEBUG=1",
					"$(inherited)",
				);
				GCC_WARN_64_TO_32_BIT_CONVERSION = YES;
				GCC_WARN_ABOUT_RETURN_TYPE = YES_ERROR;
				GCC_WARN_UNDECLARED_SELECTOR = YES;
				GCC_WARN_UNINITIALIZED_AUTOS = YES_AGGRESSIVE;
				GCC_WARN_UNUSED_FUNCTION = YES;
				GCC_WARN_UNUSED_VARIABLE = YES;
				IPHONEOS_DEPLOYMENT_TARGET = 12.0;
				MTL_ENABLE_DEBUG_INFO = INCLUDE_SOURCE;
				MTL_FAST_MATH = YES;
				ONLY_ACTIVE_ARCH = YES;
				SDKROOT = iphoneos;
				SWIFT_ACTIVE_COMPILATION_CONDITIONS = DEBUG;
				SWIFT_OPTIMIZATION_LEVEL = "-Onone";
			};
			name = Debug;
		};
		92BD5DA7217A0119006947CF /* Release */ = {
			isa = XCBuildConfiguration;
			buildSettings = {
				ALWAYS_SEARCH_USER_PATHS = NO;
				CLANG_ANALYZER_NONNULL = YES;
				CLANG_ANALYZER_NUMBER_OBJECT_CONVERSION = YES_AGGRESSIVE;
				CLANG_CXX_LANGUAGE_STANDARD = "gnu++14";
				CLANG_CXX_LIBRARY = "libc++";
				CLANG_ENABLE_MODULES = YES;
				CLANG_ENABLE_OBJC_ARC = YES;
				CLANG_ENABLE_OBJC_WEAK = YES;
				CLANG_WARN_BLOCK_CAPTURE_AUTORELEASING = YES;
				CLANG_WARN_BOOL_CONVERSION = YES;
				CLANG_WARN_COMMA = YES;
				CLANG_WARN_CONSTANT_CONVERSION = YES;
				CLANG_WARN_DEPRECATED_OBJC_IMPLEMENTATIONS = YES;
				CLANG_WARN_DIRECT_OBJC_ISA_USAGE = YES_ERROR;
				CLANG_WARN_DOCUMENTATION_COMMENTS = YES;
				CLANG_WARN_EMPTY_BODY = YES;
				CLANG_WARN_ENUM_CONVERSION = YES;
				CLANG_WARN_INFINITE_RECURSION = YES;
				CLANG_WARN_INT_CONVERSION = YES;
				CLANG_WARN_NON_LITERAL_NULL_CONVERSION = YES;
				CLANG_WARN_OBJC_IMPLICIT_RETAIN_SELF = YES;
				CLANG_WARN_OBJC_LITERAL_CONVERSION = YES;
				CLANG_WARN_OBJC_ROOT_CLASS = YES_ERROR;
				CLANG_WARN_RANGE_LOOP_ANALYSIS = YES;
				CLANG_WARN_STRICT_PROTOTYPES = YES;
				CLANG_WARN_SUSPICIOUS_MOVE = YES;
				CLANG_WARN_UNGUARDED_AVAILABILITY = YES_AGGRESSIVE;
				CLANG_WARN_UNREACHABLE_CODE = YES;
				CLANG_WARN__DUPLICATE_METHOD_MATCH = YES;
				CODE_SIGN_IDENTITY = "iPhone Developer";
				COPY_PHASE_STRIP = NO;
				DEBUG_INFORMATION_FORMAT = "dwarf-with-dsym";
				ENABLE_NS_ASSERTIONS = NO;
				ENABLE_STRICT_OBJC_MSGSEND = YES;
				GCC_C_LANGUAGE_STANDARD = gnu11;
				GCC_NO_COMMON_BLOCKS = YES;
				GCC_WARN_64_TO_32_BIT_CONVERSION = YES;
				GCC_WARN_ABOUT_RETURN_TYPE = YES_ERROR;
				GCC_WARN_UNDECLARED_SELECTOR = YES;
				GCC_WARN_UNINITIALIZED_AUTOS = YES_AGGRESSIVE;
				GCC_WARN_UNUSED_FUNCTION = YES;
				GCC_WARN_UNUSED_VARIABLE = YES;
				IPHONEOS_DEPLOYMENT_TARGET = 12.0;
				MTL_ENABLE_DEBUG_INFO = NO;
				MTL_FAST_MATH = YES;
				SDKROOT = iphoneos;
				SWIFT_COMPILATION_MODE = wholemodule;
				SWIFT_OPTIMIZATION_LEVEL = "-O";
				VALIDATE_PRODUCT = YES;
			};
			name = Release;
		};
		92BD5DA9217A0119006947CF /* Debug */ = {
			isa = XCBuildConfiguration;
			buildSettings = {
				ASSETCATALOG_COMPILER_APPICON_NAME = AppIcon;
				CODE_SIGN_STYLE = Automatic;
				INFOPLIST_FILE = work1019/Info.plist;
				LD_RUNPATH_SEARCH_PATHS = (
					"$(inherited)",
					"@executable_path/Frameworks",
				);
				PRODUCT_BUNDLE_IDENTIFIER = oh.work1019;
				PRODUCT_NAME = "$(TARGET_NAME)";
				SWIFT_VERSION = 4.2;
				TARGETED_DEVICE_FAMILY = "1,2";
			};
			name = Debug;
		};
		92BD5DAA217A0119006947CF /* Release */ = {
			isa = XCBuildConfiguration;
			buildSettings = {
				ASSETCATALOG_COMPILER_APPICON_NAME = AppIcon;
				CODE_SIGN_STYLE = Automatic;
				INFOPLIST_FILE = work1019/Info.plist;
				LD_RUNPATH_SEARCH_PATHS = (
					"$(inherited)",
					"@executable_path/Frameworks",
				);
				PRODUCT_BUNDLE_IDENTIFIER = oh.work1019;
				PRODUCT_NAME = "$(TARGET_NAME)";
				SWIFT_VERSION = 4.2;
				TARGETED_DEVICE_FAMILY = "1,2";
			};
			name = Release;
		};
		92BD5DAC217A0119006947CF /* Debug */ = {
			isa = XCBuildConfiguration;
			buildSettings = {
				ALWAYS_EMBED_SWIFT_STANDARD_LIBRARIES = YES;
				BUNDLE_LOADER = "$(TEST_HOST)";
				CODE_SIGN_STYLE = Automatic;
				INFOPLIST_FILE = work1019Tests/Info.plist;
				LD_RUNPATH_SEARCH_PATHS = (
					"$(inherited)",
					"@executable_path/Frameworks",
					"@loader_path/Frameworks",
				);
				PRODUCT_BUNDLE_IDENTIFIER = oh.work1019Tests;
				PRODUCT_NAME = "$(TARGET_NAME)";
				SWIFT_VERSION = 4.2;
				TARGETED_DEVICE_FAMILY = "1,2";
				TEST_HOST = "$(BUILT_PRODUCTS_DIR)/work1019.app/work1019";
			};
			name = Debug;
		};
		92BD5DAD217A0119006947CF /* Release */ = {
			isa = XCBuildConfiguration;
			buildSettings = {
				ALWAYS_EMBED_SWIFT_STANDARD_LIBRARIES = YES;
				BUNDLE_LOADER = "$(TEST_HOST)";
				CODE_SIGN_STYLE = Automatic;
				INFOPLIST_FILE = work1019Tests/Info.plist;
				LD_RUNPATH_SEARCH_PATHS = (
					"$(inherited)",
					"@executable_path/Frameworks",
					"@loader_path/Frameworks",
				);
				PRODUCT_BUNDLE_IDENTIFIER = oh.work1019Tests;
				PRODUCT_NAME = "$(TARGET_NAME)";
				SWIFT_VERSION = 4.2;
				TARGETED_DEVICE_FAMILY = "1,2";
				TEST_HOST = "$(BUILT_PRODUCTS_DIR)/work1019.app/work1019";
			};
			name = Release;
		};
		92BD5DAF217A0119006947CF /* Debug */ = {
			isa = XCBuildConfiguration;
			buildSettings = {
				ALWAYS_EMBED_SWIFT_STANDARD_LIBRARIES = YES;
				CODE_SIGN_STYLE = Automatic;
				INFOPLIST_FILE = work1019UITests/Info.plist;
				LD_RUNPATH_SEARCH_PATHS = (
					"$(inherited)",
					"@executable_path/Frameworks",
					"@loader_path/Frameworks",
				);
				PRODUCT_BUNDLE_IDENTIFIER = oh.work1019UITests;
				PRODUCT_NAME = "$(TARGET_NAME)";
				SWIFT_VERSION = 4.2;
				TARGETED_DEVICE_FAMILY = "1,2";
				TEST_TARGET_NAME = work1019;
			};
			name = Debug;
		};
		92BD5DB0217A0119006947CF /* Release */ = {
			isa = XCBuildConfiguration;
			buildSettings = {
				ALWAYS_EMBED_SWIFT_STANDARD_LIBRARIES = YES;
				CODE_SIGN_STYLE = Automatic;
				INFOPLIST_FILE = work1019UITests/Info.plist;
				LD_RUNPATH_SEARCH_PATHS = (
					"$(inherited)",
					"@executable_path/Frameworks",
					"@loader_path/Frameworks",
				);
				PRODUCT_BUNDLE_IDENTIFIER = oh.work1019UITests;
				PRODUCT_NAME = "$(TARGET_NAME)";
				SWIFT_VERSION = 4.2;
				TARGETED_DEVICE_FAMILY = "1,2";
				TEST_TARGET_NAME = work1019;
			};
			name = Release;
		};
/* End XCBuildConfiguration section */

/* Begin XCConfigurationList section */
		92BD5D7B217A0118006947CF /* Build configuration list for PBXProject "work1019" */ = {
			isa = XCConfigurationList;
			buildConfigurations = (
				92BD5DA6217A0119006947CF /* Debug */,
				92BD5DA7217A0119006947CF /* Release */,
			);
			defaultConfigurationIsVisible = 0;
			defaultConfigurationName = Release;
		};
		92BD5DA8217A0119006947CF /* Build configuration list for PBXNativeTarget "work1019" */ = {
			isa = XCConfigurationList;
			buildConfigurations = (
				92BD5DA9217A0119006947CF /* Debug */,
				92BD5DAA217A0119006947CF /* Release */,
			);
			defaultConfigurationIsVisible = 0;
			defaultConfigurationName = Release;
		};
		92BD5DAB217A0119006947CF /* Build configuration list for PBXNativeTarget "work1019Tests" */ = {
			isa = XCConfigurationList;
			buildConfigurations = (
				92BD5DAC217A0119006947CF /* Debug */,
				92BD5DAD217A0119006947CF /* Release */,
			);
			defaultConfigurationIsVisible = 0;
			defaultConfigurationName = Release;
		};
		92BD5DAE217A0119006947CF /* Build configuration list for PBXNativeTarget "work1019UITests" */ = {
			isa = XCConfigurationList;
			buildConfigurations = (
				92BD5DAF217A0119006947CF /* Debug */,
				92BD5DB0217A0119006947CF /* Release */,
			);
			defaultConfigurationIsVisible = 0;
			defaultConfigurationName = Release;
		};
/* End XCConfigurationList section */
	};
	rootObject = 92BD5D78217A0118006947CF /* Project object */;
}
